// !$*UTF8*$!
{
	archiveVersion = 1;
	classes = {
	};
	objectVersion = 77;
	objects = {

/* Begin PBXBuildFile section */
		3911B95A2DE5CD060079A231 /* SwiftyBeaver in Frameworks */ = {isa = PBXBuildFile; productRef = 3911B9592DE5CD060079A231 /* SwiftyBeaver */; };
		39847BB32F6F3D0A00C7B5AE /* SnapshotTesting in Frameworks */ = {isa = PBXBuildFile; productRef = 8107D5B76E61897032092690 /* SnapshotTesting */; };
		39A1B0032F0B00030079A231 /* Infuse in Frameworks */ = {isa = PBXBuildFile; productRef = 39A1B0022F0B00020079A231 /* Infuse */; };
		39A1B0062F0B00060079A231 /* NetworkRelay in Frameworks */ = {isa = PBXBuildFile; productRef = 39A1B0052F0B00050079A231 /* NetworkRelay */; };
		39FV00012F7E00010000FV01 /* FormValidator in Frameworks */ = {isa = PBXBuildFile; productRef = 39FV00002F7E00000000FV01 /* FormValidator */; };
/* End PBXBuildFile section */

/* Begin PBXContainerItemProxy section */
		39148C242DC15BF50004B8B1 /* PBXContainerItemProxy */ = {
			isa = PBXContainerItemProxy;
			containerPortal = 39148C0B2DC15BF40004B8B1 /* Project object */;
			proxyType = 1;
			remoteGlobalIDString = 39148C122DC15BF40004B8B1;
			remoteInfo = SwiftUISkeletron;
		};
		39148C2E2DC15BF50004B8B1 /* PBXContainerItemProxy */ = {
			isa = PBXContainerItemProxy;
			containerPortal = 39148C0B2DC15BF40004B8B1 /* Project object */;
			proxyType = 1;
			remoteGlobalIDString = 39148C122DC15BF40004B8B1;
			remoteInfo = SwiftUISkeletron;
		};
/* End PBXContainerItemProxy section */

/* Begin PBXFileReference section */
		39148C132DC15BF40004B8B1 /* SwiftUISkeletron.app */ = {isa = PBXFileReference; explicitFileType = wrapper.application; includeInIndex = 0; path = SwiftUISkeletron.app; sourceTree = BUILT_PRODUCTS_DIR; };
		39148C232DC15BF50004B8B1 /* SwiftUISkeletronTests.xctest */ = {isa = PBXFileReference; explicitFileType = wrapper.cfbundle; includeInIndex = 0; path = SwiftUISkeletronTests.xctest; sourceTree = BUILT_PRODUCTS_DIR; };
		39148C2D2DC15BF50004B8B1 /* SwiftUISkeletronUITests.xctest */ = {isa = PBXFileReference; explicitFileType = wrapper.cfbundle; includeInIndex = 0; path = SwiftUISkeletronUITests.xctest; sourceTree = BUILT_PRODUCTS_DIR; };
		39FC42312F6BFA010071CEF6 /* Infuse */ = {isa = PBXFileReference; lastKnownFileType = wrapper; path = Infuse; sourceTree = "<group>"; };
		39FC42322F6BFA020071CEF6 /* NetworkRelay */ = {isa = PBXFileReference; lastKnownFileType = wrapper; path = NetworkRelay; sourceTree = "<group>"; };
		39FV00032F7E00030000FV01 /* FormValidator */ = {isa = PBXFileReference; lastKnownFileType = wrapper; path = FormValidator; sourceTree = "<group>"; };
/* End PBXFileReference section */

/* Begin PBXFileSystemSynchronizedBuildFileExceptionSet section */
		39FC422F2F6BF9410071CEF6 /* Exceptions for "SwiftUISkeletron" folder in "SwiftUISkeletron" target */ = {
			isa = PBXFileSystemSynchronizedBuildFileExceptionSet;
			membershipExceptions = (
				SupportingFiles/Configs/Prod.xcconfig,
				SupportingFiles/Configs/Test.xcconfig,
			);
			target = 39148C122DC15BF40004B8B1 /* SwiftUISkeletron */;
		};
/* End PBXFileSystemSynchronizedBuildFileExceptionSet section */

/* Begin PBXFileSystemSynchronizedRootGroup section */
		39148C152DC15BF40004B8B1 /* SwiftUISkeletron */ = {
			isa = PBXFileSystemSynchronizedRootGroup;
			exceptions = (
				39FC422F2F6BF9410071CEF6 /* Exceptions for "SwiftUISkeletron" folder in "SwiftUISkeletron" target */,
			);
			path = SwiftUISkeletron;
			sourceTree = "<group>";
		};
		39148C262DC15BF50004B8B1 /* SwiftUISkeletronTests */ = {
			isa = PBXFileSystemSynchronizedRootGroup;
			path = SwiftUISkeletronTests;
			sourceTree = "<group>";
		};
		39148C302DC15BF50004B8B1 /* SwiftUISkeletronUITests */ = {
			isa = PBXFileSystemSynchronizedRootGroup;
			path = SwiftUISkeletronUITests;
			sourceTree = "<group>";
		};
/* End PBXFileSystemSynchronizedRootGroup section */

/* Begin PBXFrameworksBuildPhase section */
		39148C102DC15BF40004B8B1 /* Frameworks */ = {
			isa = PBXFrameworksBuildPhase;
			buildActionMask = 2147483647;
			files = (
				3911B95A2DE5CD060079A231 /* SwiftyBeaver in Frameworks */,
				39A1B0032F0B00030079A231 /* Infuse in Frameworks */,
				39A1B0062F0B00060079A231 /* NetworkRelay in Frameworks */,
				39FV00012F7E00010000FV01 /* FormValidator in Frameworks */,
			);
			runOnlyForDeploymentPostprocessing = 0;
		};
		39148C202DC15BF50004B8B1 /* Frameworks */ = {
			isa = PBXFrameworksBuildPhase;
			buildActionMask = 2147483647;
			files = (
				39847BB32F6F3D0A00C7B5AE /* SnapshotTesting in Frameworks */,
			);
			runOnlyForDeploymentPostprocessing = 0;
		};
		39148C2A2DC15BF50004B8B1 /* Frameworks */ = {
			isa = PBXFrameworksBuildPhase;
			buildActionMask = 2147483647;
			files = (
			);
			runOnlyForDeploymentPostprocessing = 0;
		};
/* End PBXFrameworksBuildPhase section */

/* Begin PBXGroup section */
		39148C0A2DC15BF40004B8B1 = {
			isa = PBXGroup;
			children = (
				39FC42312F6BFA010071CEF6 /* Infuse */,
				39FC42322F6BFA020071CEF6 /* NetworkRelay */,
				39FV00032F7E00030000FV01 /* FormValidator */,
				39148C152DC15BF40004B8B1 /* SwiftUISkeletron */,
				39148C262DC15BF50004B8B1 /* SwiftUISkeletronTests */,
				39148C302DC15BF50004B8B1 /* SwiftUISkeletronUITests */,
				39148C142DC15BF40004B8B1 /* Products */,
			);
			sourceTree = "<group>";
		};
		39148C142DC15BF40004B8B1 /* Products */ = {
			isa = PBXGroup;
			children = (
				39148C132DC15BF40004B8B1 /* SwiftUISkeletron.app */,
				39148C232DC15BF50004B8B1 /* SwiftUISkeletronTests.xctest */,
				39148C2D2DC15BF50004B8B1 /* SwiftUISkeletronUITests.xctest */,
			);
			name = Products;
			sourceTree = "<group>";
		};
/* End PBXGroup section */

/* Begin PBXNativeTarget section */
		39148C122DC15BF40004B8B1 /* SwiftUISkeletron */ = {
			isa = PBXNativeTarget;
			buildConfigurationList = 39148C372DC15BF50004B8B1 /* Build configuration list for PBXNativeTarget "SwiftUISkeletron" */;
			buildPhases = (
				39148C0F2DC15BF40004B8B1 /* Sources */,
				39148C102DC15BF40004B8B1 /* Frameworks */,
				39148C112DC15BF40004B8B1 /* Resources */,
			);
			buildRules = (
			);
			dependencies = (
			);
			fileSystemSynchronizedGroups = (
				39148C152DC15BF40004B8B1 /* SwiftUISkeletron */,
			);
			name = SwiftUISkeletron;
			packageProductDependencies = (
				3911B9592DE5CD060079A231 /* SwiftyBeaver */,
				39A1B0022F0B00020079A231 /* Infuse */,
				39A1B0052F0B00050079A231 /* NetworkRelay */,
				39FV00002F7E00000000FV01 /* FormValidator */,
			);
			productName = SwiftUISkeletron;
			productReference = 39148C132DC15BF40004B8B1 /* SwiftUISkeletron.app */;
			productType = "com.apple.product-type.application";
		};
		39148C222DC15BF50004B8B1 /* SwiftUISkeletronTests */ = {
			isa = PBXNativeTarget;
			buildConfigurationList = 39148C3A2DC15BF50004B8B1 /* Build configuration list for PBXNativeTarget "SwiftUISkeletronTests" */;
			buildPhases = (
				39148C1F2DC15BF50004B8B1 /* Sources */,
				39148C202DC15BF50004B8B1 /* Frameworks */,
				39148C212DC15BF50004B8B1 /* Resources */,
			);
			buildRules = (
			);
			dependencies = (
				39148C252DC15BF50004B8B1 /* PBXTargetDependency */,
			);
			fileSystemSynchronizedGroups = (
				39148C262DC15BF50004B8B1 /* SwiftUISkeletronTests */,
			);
			name = SwiftUISkeletronTests;
			packageProductDependencies = (
				8107D5B76E61897032092690 /* SnapshotTesting */,
			);
			productName = SwiftUISkeletronTests;
			productReference = 39148C232DC15BF50004B8B1 /* SwiftUISkeletronTests.xctest */;
			productType = "com.apple.product-type.bundle.unit-test";
		};
		39148C2C2DC15BF50004B8B1 /* SwiftUISkeletronUITests */ = {
			isa = PBXNativeTarget;
			buildConfigurationList = 39148C3D2DC15BF50004B8B1 /* Build configuration list for PBXNativeTarget "SwiftUISkeletronUITests" */;
			buildPhases = (
				39148C292DC15BF50004B8B1 /* Sources */,
				39148C2A2DC15BF50004B8B1 /* Frameworks */,
				39148C2B2DC15BF50004B8B1 /* Resources */,
			);
			buildRules = (
			);
			dependencies = (
				39148C2F2DC15BF50004B8B1 /* PBXTargetDependency */,
			);
			fileSystemSynchronizedGroups = (
				39148C302DC15BF50004B8B1 /* SwiftUISkeletronUITests */,
			);
			name = SwiftUISkeletronUITests;
			packageProductDependencies = (
			);
			productName = SwiftUISkeletronUITests;
			productReference = 39148C2D2DC15BF50004B8B1 /* SwiftUISkeletronUITests.xctest */;
			productType = "com.apple.product-type.bundle.ui-testing";
		};
/* End PBXNativeTarget section */

/* Begin PBXProject section */
		39148C0B2DC15BF40004B8B1 /* Project object */ = {
			isa = PBXProject;
			attributes = {
				BuildIndependentTargetsInParallel = 1;
				LastSwiftUpdateCheck = 2630;
				LastUpgradeCheck = 2630;
				TargetAttributes = {
					39148C122DC15BF40004B8B1 = {
						CreatedOnToolsVersion = 16.2;
					};
					39148C222DC15BF50004B8B1 = {
						CreatedOnToolsVersion = 16.2;
						TestTargetID = 39148C122DC15BF40004B8B1;
					};
					39148C2C2DC15BF50004B8B1 = {
						CreatedOnToolsVersion = 16.2;
						TestTargetID = 39148C122DC15BF40004B8B1;
					};
				};
			};
			buildConfigurationList = 39148C0E2DC15BF40004B8B1 /* Build configuration list for PBXProject "SwiftUISkeletron" */;
			developmentRegion = en;
			hasScannedForEncodings = 0;
			knownRegions = (
				en,
				Base,
			);
			mainGroup = 39148C0A2DC15BF40004B8B1;
			minimizedProjectReferenceProxies = 1;
			packageReferences = (
				3911B9582DE5CD060079A231 /* XCRemoteSwiftPackageReference "SwiftyBeaver" */,
				89A622D9CA5AAA5B2029E517 /* XCRemoteSwiftPackageReference "swift-snapshot-testing" */,
			);
			preferredProjectObjectVersion = 77;
			productRefGroup = 39148C142DC15BF40004B8B1 /* Products */;
			projectDirPath = "";
			projectRoot = "";
			targets = (
				39148C122DC15BF40004B8B1 /* SwiftUISkeletron */,
				39148C222DC15BF50004B8B1 /* SwiftUISkeletronTests */,
				39148C2C2DC15BF50004B8B1 /* SwiftUISkeletronUITests */,
			);
		};
/* End PBXProject section */

/* Begin PBXResourcesBuildPhase section */
		39148C112DC15BF40004B8B1 /* Resources */ = {
			isa = PBXResourcesBuildPhase;
			buildActionMask = 2147483647;
			files = (
			);
			runOnlyForDeploymentPostprocessing = 0;
		};
		39148C212DC15BF50004B8B1 /* Resources */ = {
			isa = PBXResourcesBuildPhase;
			buildActionMask = 2147483647;
			files = (
			);
			runOnlyForDeploymentPostprocessing = 0;
		};
		39148C2B2DC15BF50004B8B1 /* Resources */ = {
			isa = PBXResourcesBuildPhase;
			buildActionMask = 2147483647;
			files = (
			);
			runOnlyForDeploymentPostprocessing = 0;
		};
/* End PBXResourcesBuildPhase section */

/* Begin PBXSourcesBuildPhase section */
		39148C0F2DC15BF40004B8B1 /* Sources */ = {
			isa = PBXSourcesBuildPhase;
			buildActionMask = 2147483647;
			files = (
			);
			runOnlyForDeploymentPostprocessing = 0;
		};
		39148C1F2DC15BF50004B8B1 /* Sources */ = {
			isa = PBXSourcesBuildPhase;
			buildActionMask = 2147483647;
			files = (
			);
			runOnlyForDeploymentPostprocessing = 0;
		};
		39148C292DC15BF50004B8B1 /* Sources */ = {
			isa = PBXSourcesBuildPhase;
			buildActionMask = 2147483647;
			files = (
			);
			runOnlyForDeploymentPostprocessing = 0;
		};
/* End PBXSourcesBuildPhase section */

/* Begin PBXTargetDependency section */
		39148C252DC15BF50004B8B1 /* PBXTargetDependency */ = {
			isa = PBXTargetDependency;
			target = 39148C122DC15BF40004B8B1 /* SwiftUISkeletron */;
			targetProxy = 39148C242DC15BF50004B8B1 /* PBXContainerItemProxy */;
		};
		39148C2F2DC15BF50004B8B1 /* PBXTargetDependency */ = {
			isa = PBXTargetDependency;
			target = 39148C122DC15BF40004B8B1 /* SwiftUISkeletron */;
			targetProxy = 39148C2E2DC15BF50004B8B1 /* PBXContainerItemProxy */;
		};
/* End PBXTargetDependency section */

/* Begin XCBuildConfiguration section */
		39691B792DCB9D9900EB8967 /* Test */ = {
			isa = XCBuildConfiguration;
			baseConfigurationReferenceAnchor = 39148C152DC15BF40004B8B1 /* SwiftUISkeletron */;
			baseConfigurationReferenceRelativePath = SupportingFiles/Configs/Test.xcconfig;
			buildSettings = {
				ALWAYS_SEARCH_USER_PATHS = NO;
				ASSETCATALOG_COMPILER_GENERATE_SWIFT_ASSET_SYMBOL_EXTENSIONS = YES;
				CLANG_ANALYZER_NONNULL = YES;
				CLANG_ANALYZER_NUMBER_OBJECT_CONVERSION = YES_AGGRESSIVE;
				CLANG_CXX_LANGUAGE_STANDARD = "gnu++20";
				CLANG_ENABLE_MODULES = YES;
				CLANG_ENABLE_OBJC_ARC = YES;
				CLANG_ENABLE_OBJC_WEAK = YES;
				CLANG_WARN_BLOCK_CAPTURE_AUTORELEASING = YES;
				CLANG_WARN_BOOL_CONVERSION = YES;
				CLANG_WARN_COMMA = YES;
				CLANG_WARN_CONSTANT_CONVERSION = YES;
				CLANG_WARN_DEPRECATED_OBJC_IMPLEMENTATIONS = YES;
				CLANG_WARN_DIRECT_OBJC_ISA_USAGE = YES_ERROR;
				CLANG_WARN_DOCUMENTATION_COMMENTS = YES;
				CLANG_WARN_EMPTY_BODY = YES;
				CLANG_WARN_ENUM_CONVERSION = YES;
				CLANG_WARN_INFINITE_RECURSION = YES;
				CLANG_WARN_INT_CONVERSION = YES;
				CLANG_WARN_NON_LITERAL_NULL_CONVERSION = YES;
				CLANG_WARN_OBJC_IMPLICIT_RETAIN_SELF = YES;
				CLANG_WARN_OBJC_LITERAL_CONVERSION = YES;
				CLANG_WARN_OBJC_ROOT_CLASS = YES_ERROR;
				CLANG_WARN_QUOTED_INCLUDE_IN_FRAMEWORK_HEADER = YES;
				CLANG_WARN_RANGE_LOOP_ANALYSIS = YES;
				CLANG_WARN_STRICT_PROTOTYPES = YES;
				CLANG_WARN_SUSPICIOUS_MOVE = YES;
				CLANG_WARN_UNGUARDED_AVAILABILITY = YES_AGGRESSIVE;
				CLANG_WARN_UNREACHABLE_CODE = YES;
				CLANG_WARN__DUPLICATE_METHOD_MATCH = YES;
				COPY_PHASE_STRIP = NO;
				DEBUG_INFORMATION_FORMAT = dwarf;
				DEVELOPMENT_TEAM = D8F838MZ5K;
				ENABLE_STRICT_OBJC_MSGSEND = YES;
				ENABLE_TESTABILITY = YES;
				ENABLE_USER_SCRIPT_SANDBOXING = YES;
				GCC_C_LANGUAGE_STANDARD = gnu17;
				GCC_DYNAMIC_NO_PIC = NO;
				GCC_NO_COMMON_BLOCKS = YES;
				GCC_OPTIMIZATION_LEVEL = 0;
				GCC_PREPROCESSOR_DEFINITIONS = (
					"DEBUG=1",
					"$(inherited)",
				);
				GCC_WARN_64_TO_32_BIT_CONVERSION = YES;
				GCC_WARN_ABOUT_RETURN_TYPE = YES_ERROR;
				GCC_WARN_UNDECLARED_SELECTOR = YES;
				GCC_WARN_UNINITIALIZED_AUTOS = YES_AGGRESSIVE;
				GCC_WARN_UNUSED_FUNCTION = YES;
				GCC_WARN_UNUSED_VARIABLE = YES;
				IPHONEOS_DEPLOYMENT_TARGET = 18.2;
				LOCALIZATION_PREFERS_STRING_CATALOGS = YES;
				MTL_ENABLE_DEBUG_INFO = INCLUDE_SOURCE;
				MTL_FAST_MATH = YES;
				ONLY_ACTIVE_ARCH = YES;
				SDKROOT = iphoneos;
				STRING_CATALOG_GENERATE_SYMBOLS = YES;
				SWIFT_ACTIVE_COMPILATION_CONDITIONS = "DEBUG $(inherited)";
				SWIFT_OPTIMIZATION_LEVEL = "-Onone";
			};
			name = Test;
		};
		39691B7A2DCB9D9900EB8967 /* Test */ = {
			isa = XCBuildConfiguration;
			baseConfigurationReferenceAnchor = 39148C152DC15BF40004B8B1 /* SwiftUISkeletron */;
			baseConfigurationReferenceRelativePath = SupportingFiles/Configs/Test.xcconfig;
			buildSettings = {
				ASSETCATALOG_COMPILER_APPICON_NAME = Test;
				ASSETCATALOG_COMPILER_GLOBAL_ACCENT_COLOR_NAME = AccentColor;
				CODE_SIGN_ENTITLEMENTS = SwiftUISkeletron/SupportingFiles/SwiftUISkeletron.entitlements;
				CODE_SIGN_STYLE = Automatic;
				CURRENT_PROJECT_VERSION = 1;
				DEVELOPMENT_ASSET_PATHS = "\"SwiftUISkeletron/PreviewContent\"";
				DONT_GENERATE_INFOPLIST_FILE = NO;
				ENABLE_PREVIEWS = YES;
				EXCLUDED_SOURCE_FILE_NAMES = "*.md";
				GENERATE_INFOPLIST_FILE = YES;
				INFOPLIST_KEY_UIApplicationSceneManifest_Generation = YES;
				INFOPLIST_KEY_UIApplicationSupportsIndirectInputEvents = YES;
				INFOPLIST_KEY_UILaunchScreen_Generation = YES;
				INFOPLIST_KEY_UISupportedInterfaceOrientations_iPad = "UIInterfaceOrientationPortrait UIInterfaceOrientationPortraitUpsideDown UIInterfaceOrientationLandscapeLeft UIInterfaceOrientationLandscapeRight";
				INFOPLIST_KEY_UISupportedInterfaceOrientations_iPhone = "UIInterfaceOrientationPortrait UIInterfaceOrientationLandscapeLeft UIInterfaceOrientationLandscapeRight";
				LD_RUNPATH_SEARCH_PATHS = (
					"$(inherited)",
					"@executable_path/Frameworks",
				);
				MARKETING_VERSION = 1.0;
				PRODUCT_BUNDLE_IDENTIFIER = Codefusion.SwiftUISkeletron;
				PRODUCT_NAME = "$(TARGET_NAME)";
				SWIFT_EMIT_LOC_STRINGS = YES;
				SWIFT_VERSION = 6.0;
				TARGETED_DEVICE_FAMILY = "1,2";
			};
			name = Test;
		};
		39691B7B2DCB9D9900EB8967 /* Test */ = {
			isa = XCBuildConfiguration;
			baseConfigurationReferenceAnchor = 39148C152DC15BF40004B8B1 /* SwiftUISkeletron */;
			baseConfigurationReferenceRelativePath = SupportingFiles/Configs/Test.xcconfig;
			buildSettings = {
				BUNDLE_LOADER = "$(TEST_HOST)";
				CODE_SIGN_STYLE = Automatic;
				CURRENT_PROJECT_VERSION = 1;
				GENERATE_INFOPLIST_FILE = YES;
				IPHONEOS_DEPLOYMENT_TARGET = 18.2;
				MARKETING_VERSION = 1.0;
				PRODUCT_BUNDLE_IDENTIFIER = Codefusion.SwiftUISkeletronTests;
				PRODUCT_NAME = "$(TARGET_NAME)";
				SWIFT_EMIT_LOC_STRINGS = NO;
				SWIFT_VERSION = 5.0;
				TARGETED_DEVICE_FAMILY = "1,2";
				TEST_HOST = "$(BUILT_PRODUCTS_DIR)/SwiftUISkeletron.app/$(BUNDLE_EXECUTABLE_FOLDER_PATH)/SwiftUISkeletron";
			};
			name = Test;
		};
		39691B7C2DCB9D9900EB8967 /* Test */ = {
			isa = XCBuildConfiguration;
			baseConfigurationReferenceAnchor = 39148C152DC15BF40004B8B1 /* SwiftUISkeletron */;
			baseConfigurationReferenceRelativePath = SupportingFiles/Configs/Test.xcconfig;
			buildSettings = {
				CODE_SIGN_STYLE = Automatic;
				CURRENT_PROJECT_VERSION = 1;
				GENERATE_INFOPLIST_FILE = YES;
				MARKETING_VERSION = 1.0;
				PRODUCT_BUNDLE_IDENTIFIER = Codefusion.SwiftUISkeletronUITests;
				PRODUCT_NAME = "$(TARGET_NAME)";
				SWIFT_EMIT_LOC_STRINGS = NO;
				SWIFT_VERSION = 5.0;
				TARGETED_DEVICE_FAMILY = "1,2";
				TEST_TARGET_NAME = SwiftUISkeletron;
			};
			name = Test;
		};
		39691B7D2DCB9DAB00EB8967 /* Prod */ = {
			isa = XCBuildConfiguration;
			baseConfigurationReferenceAnchor = 39148C152DC15BF40004B8B1 /* SwiftUISkeletron */;
			baseConfigurationReferenceRelativePath = SupportingFiles/Configs/Prod.xcconfig;
			buildSettings = {
				ALWAYS_SEARCH_USER_PATHS = NO;
				ASSETCATALOG_COMPILER_GENERATE_SWIFT_ASSET_SYMBOL_EXTENSIONS = YES;
				CLANG_ANALYZER_NONNULL = YES;
				CLANG_ANALYZER_NUMBER_OBJECT_CONVERSION = YES_AGGRESSIVE;
				CLANG_CXX_LANGUAGE_STANDARD = "gnu++20";
				CLANG_ENABLE_MODULES = YES;
				CLANG_ENABLE_OBJC_ARC = YES;
				CLANG_ENABLE_OBJC_WEAK = YES;
				CLANG_WARN_BLOCK_CAPTURE_AUTORELEASING = YES;
				CLANG_WARN_BOOL_CONVERSION = YES;
				CLANG_WARN_COMMA = YES;
				CLANG_WARN_CONSTANT_CONVERSION = YES;
				CLANG_WARN_DEPRECATED_OBJC_IMPLEMENTATIONS = YES;
				CLANG_WARN_DIRECT_OBJC_ISA_USAGE = YES_ERROR;
				CLANG_WARN_DOCUMENTATION_COMMENTS = YES;
				CLANG_WARN_EMPTY_BODY = YES;
				CLANG_WARN_ENUM_CONVERSION = YES;
				CLANG_WARN_INFINITE_RECURSION = YES;
				CLANG_WARN_INT_CONVERSION = YES;
				CLANG_WARN_NON_LITERAL_NULL_CONVERSION = YES;
				CLANG_WARN_OBJC_IMPLICIT_RETAIN_SELF = YES;
				CLANG_WARN_OBJC_LITERAL_CONVERSION = YES;
				CLANG_WARN_OBJC_ROOT_CLASS = YES_ERROR;
				CLANG_WARN_QUOTED_INCLUDE_IN_FRAMEWORK_HEADER = YES;
				CLANG_WARN_RANGE_LOOP_ANALYSIS = YES;
				CLANG_WARN_STRICT_PROTOTYPES = YES;
				CLANG_WARN_SUSPICIOUS_MOVE = YES;
				CLANG_WARN_UNGUARDED_AVAILABILITY = YES_AGGRESSIVE;
				CLANG_WARN_UNREACHABLE_CODE = YES;
				CLANG_WARN__DUPLICATE_METHOD_MATCH = YES;
				COPY_PHASE_STRIP = NO;
				DEBUG_INFORMATION_FORMAT = "dwarf-with-dsym";
				DEVELOPMENT_TEAM = D8F838MZ5K;
				ENABLE_NS_ASSERTIONS = NO;
				ENABLE_STRICT_OBJC_MSGSEND = YES;
				ENABLE_USER_SCRIPT_SANDBOXING = YES;
				GCC_C_LANGUAGE_STANDARD = gnu17;
				GCC_NO_COMMON_BLOCKS = YES;
				GCC_WARN_64_TO_32_BIT_CONVERSION = YES;
				GCC_WARN_ABOUT_RETURN_TYPE = YES_ERROR;
				GCC_WARN_UNDECLARED_SELECTOR = YES;
				GCC_WARN_UNINITIALIZED_AUTOS = YES_AGGRESSIVE;
				GCC_WARN_UNUSED_FUNCTION = YES;
				GCC_WARN_UNUSED_VARIABLE = YES;
				IPHONEOS_DEPLOYMENT_TARGET = 18.2;
				LOCALIZATION_PREFERS_STRING_CATALOGS = YES;
				MTL_ENABLE_DEBUG_INFO = NO;
				MTL_FAST_MATH = YES;
				SDKROOT = iphoneos;
				STRING_CATALOG_GENERATE_SYMBOLS = YES;
				SWIFT_COMPILATION_MODE = wholemodule;
				VALIDATE_PRODUCT = YES;
			};
			name = Prod;
		};
		39691B7E2DCB9DAB00EB8967 /* Prod */ = {
			isa = XCBuildConfiguration;
			buildSettings = {
				ASSETCATALOG_COMPILER_APPICON_NAME = Prod;
				ASSETCATALOG_COMPILER_GLOBAL_ACCENT_COLOR_NAME = AccentColor;
				CODE_SIGN_ENTITLEMENTS = SwiftUISkeletron/SupportingFiles/SwiftUISkeletron.entitlements;
				CODE_SIGN_STYLE = Automatic;
				CURRENT_PROJECT_VERSION = 1;
				DEVELOPMENT_ASSET_PATHS = "\"SwiftUISkeletron/PreviewContent\"";
				DONT_GENERATE_INFOPLIST_FILE = NO;
				ENABLE_PREVIEWS = YES;
				EXCLUDED_SOURCE_FILE_NAMES = "*.md";
				GENERATE_INFOPLIST_FILE = YES;
				INFOPLIST_KEY_UIApplicationSceneManifest_Generation = YES;
				INFOPLIST_KEY_UIApplicationSupportsIndirectInputEvents = YES;
				INFOPLIST_KEY_UILaunchScreen_Generation = YES;
				INFOPLIST_KEY_UISupportedInterfaceOrientations_iPad = "UIInterfaceOrientationPortrait UIInterfaceOrientationPortraitUpsideDown UIInterfaceOrientationLandscapeLeft UIInterfaceOrientationLandscapeRight";
				INFOPLIST_KEY_UISupportedInterfaceOrientations_iPhone = "UIInterfaceOrientationPortrait UIInterfaceOrientationLandscapeLeft UIInterfaceOrientationLandscapeRight";
				LD_RUNPATH_SEARCH_PATHS = (
					"$(inherited)",
					"@executable_path/Frameworks",
				);
				MARKETING_VERSION = 1.0;
				PRODUCT_BUNDLE_IDENTIFIER = Codefusion.SwiftUISkeletron;
				PRODUCT_NAME = "$(TARGET_NAME)";
				SWIFT_EMIT_LOC_STRINGS = YES;
				SWIFT_VERSION = 6.0;
				TARGETED_DEVICE_FAMILY = "1,2";
			};
			name = Prod;
		};
		39691B7F2DCB9DAB00EB8967 /* Prod */ = {
			isa = XCBuildConfiguration;
			buildSettings = {
				BUNDLE_LOADER = "$(TEST_HOST)";
				CODE_SIGN_STYLE = Automatic;
				CURRENT_PROJECT_VERSION = 1;
				GENERATE_INFOPLIST_FILE = YES;
				IPHONEOS_DEPLOYMENT_TARGET = 18.2;
				MARKETING_VERSION = 1.0;
				PRODUCT_BUNDLE_IDENTIFIER = Codefusion.SwiftUISkeletronTests;
				PRODUCT_NAME = "$(TARGET_NAME)";
				SWIFT_EMIT_LOC_STRINGS = NO;
				SWIFT_VERSION = 5.0;
				TARGETED_DEVICE_FAMILY = "1,2";
				TEST_HOST = "$(BUILT_PRODUCTS_DIR)/SwiftUISkeletron.app/$(BUNDLE_EXECUTABLE_FOLDER_PATH)/SwiftUISkeletron";
			};
			name = Prod;
		};
		39691B802DCB9DAB00EB8967 /* Prod */ = {
			isa = XCBuildConfiguration;
			buildSettings = {
				CODE_SIGN_STYLE = Automatic;
				CURRENT_PROJECT_VERSION = 1;
				GENERATE_INFOPLIST_FILE = YES;
				MARKETING_VERSION = 1.0;
				PRODUCT_BUNDLE_IDENTIFIER = Codefusion.SwiftUISkeletronUITests;
				PRODUCT_NAME = "$(TARGET_NAME)";
				SWIFT_EMIT_LOC_STRINGS = NO;
				SWIFT_VERSION = 5.0;
				TARGETED_DEVICE_FAMILY = "1,2";
				TEST_TARGET_NAME = SwiftUISkeletron;
			};
			name = Prod;
		};
/* End XCBuildConfiguration section */

/* Begin XCConfigurationList section */
		39148C0E2DC15BF40004B8B1 /* Build configuration list for PBXProject "SwiftUISkeletron" */ = {
			isa = XCConfigurationList;
			buildConfigurations = (
				39691B792DCB9D9900EB8967 /* Test */,
				39691B7D2DCB9DAB00EB8967 /* Prod */,
			);
			defaultConfigurationIsVisible = 0;
			defaultConfigurationName = Test;
		};
		39148C372DC15BF50004B8B1 /* Build configuration list for PBXNativeTarget "SwiftUISkeletron" */ = {
			isa = XCConfigurationList;
			buildConfigurations = (
				39691B7A2DCB9D9900EB8967 /* Test */,
				39691B7E2DCB9DAB00EB8967 /* Prod */,
			);
			defaultConfigurationIsVisible = 0;
			defaultConfigurationName = Test;
		};
		39148C3A2DC15BF50004B8B1 /* Build configuration list for PBXNativeTarget "SwiftUISkeletronTests" */ = {
			isa = XCConfigurationList;
			buildConfigurations = (
				39691B7B2DCB9D9900EB8967 /* Test */,
				39691B7F2DCB9DAB00EB8967 /* Prod */,
			);
			defaultConfigurationIsVisible = 0;
			defaultConfigurationName = Test;
		};
		39148C3D2DC15BF50004B8B1 /* Build configuration list for PBXNativeTarget "SwiftUISkeletronUITests" */ = {
			isa = XCConfigurationList;
			buildConfigurations = (
				39691B7C2DCB9D9900EB8967 /* Test */,
				39691B802DCB9DAB00EB8967 /* Prod */,
			);
			defaultConfigurationIsVisible = 0;
			defaultConfigurationName = Test;
		};
/* End XCConfigurationList section */

/* Begin XCRemoteSwiftPackageReference section */
		3911B9582DE5CD060079A231 /* XCRemoteSwiftPackageReference "SwiftyBeaver" */ = {
			isa = XCRemoteSwiftPackageReference;
			repositoryURL = "https://github.com/SwiftyBeaver/SwiftyBeaver";
			requirement = {
				kind = upToNextMajorVersion;
				minimumVersion = 2.1.1;
			};
		};
		89A622D9CA5AAA5B2029E517 /* XCRemoteSwiftPackageReference "swift-snapshot-testing" */ = {
			isa = XCRemoteSwiftPackageReference;
			repositoryURL = "https://github.com/pointfreeco/swift-snapshot-testing";
			requirement = {
				kind = upToNextMajorVersion;
				minimumVersion = 1.18.3;
			};
		};
/* End XCRemoteSwiftPackageReference section */

/* Begin XCSwiftPackageProductDependency section */
		3911B9592DE5CD060079A231 /* SwiftyBeaver */ = {
			isa = XCSwiftPackageProductDependency;
			package = 3911B9582DE5CD060079A231 /* XCRemoteSwiftPackageReference "SwiftyBeaver" */;
			productName = SwiftyBeaver;
		};
		39A1B0022F0B00020079A231 /* Infuse */ = {
			isa = XCSwiftPackageProductDependency;
			productName = Infuse;
		};
		39A1B0052F0B00050079A231 /* NetworkRelay */ = {
			isa = XCSwiftPackageProductDependency;
			productName = NetworkRelay;
		};
		39FV00002F7E00000000FV01 /* FormValidator */ = {
			isa = XCSwiftPackageProductDependency;
			productName = FormValidator;
		};
		8107D5B76E61897032092690 /* SnapshotTesting */ = {
			isa = XCSwiftPackageProductDependency;
			package = 89A622D9CA5AAA5B2029E517 /* XCRemoteSwiftPackageReference "swift-snapshot-testing" */;
			productName = SnapshotTesting;
		};
/* End XCSwiftPackageProductDependency section */
	};
	rootObject = 39148C0B2DC15BF40004B8B1 /* Project object */;
}
